
Microsoft Visual Studio Solution File, Format Version 12.00
# Visual Studio 15
VisualStudioVersion = 15.0.28307.438
MinimumVisualStudioVersion = 10.0.40219.1
Project("{FAE04EC0-301F-11D3-BF4B-00C04F79EFBC}") = "ServerCodeMtk-P2-091", "ServerCodeMtk-P2-091\ServerCodeMtk-P2-091.csproj", "{A849DFF1-8C0A-497F-845B-1670C427A17A}"
EndProject
Global
	GlobalSection(SolutionConfigurationPlatforms) = preSolution
		Debug|Any CPU = Debug|Any CPU
		Release|Any CPU = Release|Any CPU
	EndGlobalSection
	GlobalSection(ProjectConfigurationPlatforms) = postSolution
		{A849DFF1-8C0A-497F-845B-1670C427A17A}.Debug|Any CPU.ActiveCfg = Debug|Any CPU
		{A849DFF1-8C0A-497F-845B-1670C427A17A}.Debug|Any CPU.Build.0 = Debug|Any CPU
		{A849DFF1-8C0A-497F-845B-1670C427A17A}.Release|Any CPU.ActiveCfg = Release|Any CPU
		{A849DFF1-8C0A-497F-845B-1670C427A17A}.Release|Any CPU.Build.0 = Release|Any CPU
	EndGlobalSection
	GlobalSection(SolutionProperties) = preSolution
		HideSolutionNode = FALSE
	EndGlobalSection
	GlobalSection(ExtensibilityGlobals) = postSolution
		SolutionGuid = {47452776-FB72-46BC-AC60-E4BCC2EC8F13}
	EndGlobalSection
EndGlobal
